// !$*UTF8*$!
{
	archiveVersion = 1;
	classes = {
	};
	objectVersion = 56;
	objects = {

/* Begin PBXBuildFile section */
		032C427C29B1F637004DC7DC /* AppDelegate.swift in Sources */ = {isa = PBXBuildFile; fileRef = 032C427B29B1F637004DC7DC /* AppDelegate.swift */; };
		032C427E29B1F637004DC7DC /* SceneDelegate.swift in Sources */ = {isa = PBXBuildFile; fileRef = 032C427D29B1F637004DC7DC /* SceneDelegate.swift */; };
		032C428029B1F637004DC7DC /* ViewController.swift in Sources */ = {isa = PBXBuildFile; fileRef = 032C427F29B1F637004DC7DC /* ViewController.swift */; };
		032C428329B1F637004DC7DC /* Main.storyboard in Resources */ = {isa = PBXBuildFile; fileRef = 032C428129B1F637004DC7DC /* Main.storyboard */; };
		032C428529B1F638004DC7DC /* Assets.xcassets in Resources */ = {isa = PBXBuildFile; fileRef = 032C428429B1F638004DC7DC /* Assets.xcassets */; };
		032C428829B1F638004DC7DC /* LaunchScreen.storyboard in Resources */ = {isa = PBXBuildFile; fileRef = 032C428629B1F638004DC7DC /* LaunchScreen.storyboard */; };
		032C429329B1F638004DC7DC /* lab3Tests.swift in Sources */ = {isa = PBXBuildFile; fileRef = 032C429229B1F638004DC7DC /* lab3Tests.swift */; };
		032C429D29B1F638004DC7DC /* lab3UITests.swift in Sources */ = {isa = PBXBuildFile; fileRef = 032C429C29B1F638004DC7DC /* lab3UITests.swift */; };
		032C429F29B1F638004DC7DC /* lab3UITestsLaunchTests.swift in Sources */ = {isa = PBXBuildFile; fileRef = 032C429E29B1F638004DC7DC /* lab3UITestsLaunchTests.swift */; };
/* End PBXBuildFile section */

/* Begin PBXContainerItemProxy section */
		032C428F29B1F638004DC7DC /* PBXContainerItemProxy */ = {
			isa = PBXContainerItemProxy;
			containerPortal = 032C427029B1F637004DC7DC /* Project object */;
			proxyType = 1;
			remoteGlobalIDString = 032C427729B1F637004DC7DC;
			remoteInfo = lab3;
		};
		032C429929B1F638004DC7DC /* PBXContainerItemProxy */ = {
			isa = PBXContainerItemProxy;
			containerPortal = 032C427029B1F637004DC7DC /* Project object */;
			proxyType = 1;
			remoteGlobalIDString = 032C427729B1F637004DC7DC;
			remoteInfo = lab3;
		};
/* End PBXContainerItemProxy section */

/* Begin PBXFileReference section */
		032C427829B1F637004DC7DC /* lab3.app */ = {isa = PBXFileReference; explicitFileType = wrapper.application; includeInIndex = 0; path = lab3.app; sourceTree = BUILT_PRODUCTS_DIR; };
		032C427B29B1F637004DC7DC /* AppDelegate.swift */ = {isa = PBXFileReference; lastKnownFileType = sourcecode.swift; path = AppDelegate.swift; sourceTree = "<group>"; };
		032C427D29B1F637004DC7DC /* SceneDelegate.swift */ = {isa = PBXFileReference; lastKnownFileType = sourcecode.swift; path = SceneDelegate.swift; sourceTree = "<group>"; };
		032C427F29B1F637004DC7DC /* ViewController.swift */ = {isa = PBXFileReference; lastKnownFileType = sourcecode.swift; path = ViewController.swift; sourceTree = "<group>"; };
		032C428229B1F637004DC7DC /* Base */ = {isa = PBXFileReference; lastKnownFileType = file.storyboard; name = Base; path = Base.lproj/Main.storyboard; sourceTree = "<group>"; };
		032C428429B1F638004DC7DC /* Assets.xcassets */ = {isa = PBXFileReference; lastKnownFileType = folder.assetcatalog; path = Assets.xcassets; sourceTree = "<group>"; };
		032C428729B1F638004DC7DC /* Base */ = {isa = PBXFileReference; lastKnownFileType = file.storyboard; name = Base; path = Base.lproj/LaunchScreen.storyboard; sourceTree = "<group>"; };
		032C428929B1F638004DC7DC /* Info.plist */ = {isa = PBXFileReference; lastKnownFileType = text.plist.xml; path = Info.plist; sourceTree = "<group>"; };
		032C428E29B1F638004DC7DC /* lab3Tests.xctest */ = {isa = PBXFileReference; explicitFileType = wrapper.cfbundle; includeInIndex = 0; path = lab3Tests.xctest; sourceTree = BUILT_PRODUCTS_DIR; };
		032C429229B1F638004DC7DC /* lab3Tests.swift */ = {isa = PBXFileReference; lastKnownFileType = sourcecode.swift; path = lab3Tests.swift; sourceTree = "<group>"; };
		032C429829B1F638004DC7DC /* lab3UITests.xctest */ = {isa = PBXFileReference; explicitFileType = wrapper.cfbundle; includeInIndex = 0; path = lab3UITests.xctest; sourceTree = BUILT_PRODUCTS_DIR; };
		032C429C29B1F638004DC7DC /* lab3UITests.swift */ = {isa = PBXFileReference; lastKnownFileType = sourcecode.swift; path = lab3UITests.swift; sourceTree = "<group>"; };
		032C429E29B1F638004DC7DC /* lab3UITestsLaunchTests.swift */ = {isa = PBXFileReference; lastKnownFileType = sourcecode.swift; path = lab3UITestsLaunchTests.swift; sourceTree = "<group>"; };
/* End PBXFileReference section */

/* Begin PBXFrameworksBuildPhase section */
		032C427529B1F637004DC7DC /* Frameworks */ = {
			isa = PBXFrameworksBuildPhase;
			buildActionMask = 2147483647;
			files = (
			);
			runOnlyForDeploymentPostprocessing = 0;
		};
		032C428B29B1F638004DC7DC /* Frameworks */ = {
			isa = PBXFrameworksBuildPhase;
			buildActionMask = 2147483647;
			files = (
			);
			runOnlyForDeploymentPostprocessing = 0;
		};
		032C429529B1F638004DC7DC /* Frameworks */ = {
			isa = PBXFrameworksBuildPhase;
			buildActionMask = 2147483647;
			files = (
			);
			runOnlyForDeploymentPostprocessing = 0;
		};
/* End PBXFrameworksBuildPhase section */

/* Begin PBXGroup section */
		032C426F29B1F637004DC7DC = {
			isa = PBXGroup;
			children = (
				032C427A29B1F637004DC7DC /* lab3 */,
				032C429129B1F638004DC7DC /* lab3Tests */,
				032C429B29B1F638004DC7DC /* lab3UITests */,
				032C427929B1F637004DC7DC /* Products */,
			);
			sourceTree = "<group>";
		};
		032C427929B1F637004DC7DC /* Products */ = {
			isa = PBXGroup;
			children = (
				032C427829B1F637004DC7DC /* lab3.app */,
				032C428E29B1F638004DC7DC /* lab3Tests.xctest */,
				032C429829B1F638004DC7DC /* lab3UITests.xctest */,
			);
			name = Products;
			sourceTree = "<group>";
		};
		032C427A29B1F637004DC7DC /* lab3 */ = {
			isa = PBXGroup;
			children = (
				032C427B29B1F637004DC7DC /* AppDelegate.swift */,
				032C427D29B1F637004DC7DC /* SceneDelegate.swift */,
				032C427F29B1F637004DC7DC /* ViewController.swift */,
				032C428129B1F637004DC7DC /* Main.storyboard */,
				032C428429B1F638004DC7DC /* Assets.xcassets */,
				032C428629B1F638004DC7DC /* LaunchScreen.storyboard */,
				032C428929B1F638004DC7DC /* Info.plist */,
			);
			path = lab3;
			sourceTree = "<group>";
		};
		032C429129B1F638004DC7DC /* lab3Tests */ = {
			isa = PBXGroup;
			children = (
				032C429229B1F638004DC7DC /* lab3Tests.swift */,
			);
			path = lab3Tests;
			sourceTree = "<group>";
		};
		032C429B29B1F638004DC7DC /* lab3UITests */ = {
			isa = PBXGroup;
			children = (
				032C429C29B1F638004DC7DC /* lab3UITests.swift */,
				032C429E29B1F638004DC7DC /* lab3UITestsLaunchTests.swift */,
			);
			path = lab3UITests;
			sourceTree = "<group>";
		};
/* End PBXGroup section */

/* Begin PBXNativeTarget section */
		032C427729B1F637004DC7DC /* lab3 */ = {
			isa = PBXNativeTarget;
			buildConfigurationList = 032C42A229B1F638004DC7DC /* Build configuration list for PBXNativeTarget "lab3" */;
			buildPhases = (
				032C427429B1F637004DC7DC /* Sources */,
				032C427529B1F637004DC7DC /* Frameworks */,
				032C427629B1F637004DC7DC /* Resources */,
			);
			buildRules = (
			);
			dependencies = (
			);
			name = lab3;
			productName = lab3;
			productReference = 032C427829B1F637004DC7DC /* lab3.app */;
			productType = "com.apple.product-type.application";
		};
		032C428D29B1F638004DC7DC /* lab3Tests */ = {
			isa = PBXNativeTarget;
			buildConfigurationList = 032C42A529B1F638004DC7DC /* Build configuration list for PBXNativeTarget "lab3Tests" */;
			buildPhases = (
				032C428A29B1F638004DC7DC /* Sources */,
				032C428B29B1F638004DC7DC /* Frameworks */,
				032C428C29B1F638004DC7DC /* Resources */,
			);
			buildRules = (
			);
			dependencies = (
				032C429029B1F638004DC7DC /* PBXTargetDependency */,
			);
			name = lab3Tests;
			productName = lab3Tests;
			productReference = 032C428E29B1F638004DC7DC /* lab3Tests.xctest */;
			productType = "com.apple.product-type.bundle.unit-test";
		};
		032C429729B1F638004DC7DC /* lab3UITests */ = {
			isa = PBXNativeTarget;
			buildConfigurationList = 032C42A829B1F638004DC7DC /* Build configuration list for PBXNativeTarget "lab3UITests" */;
			buildPhases = (
				032C429429B1F638004DC7DC /* Sources */,
				032C429529B1F638004DC7DC /* Frameworks */,
				032C429629B1F638004DC7DC /* Resources */,
			);
			buildRules = (
			);
			dependencies = (
				032C429A29B1F638004DC7DC /* PBXTargetDependency */,
			);
			name = lab3UITests;
			productName = lab3UITests;
			productReference = 032C429829B1F638004DC7DC /* lab3UITests.xctest */;
			productType = "com.apple.product-type.bundle.ui-testing";
		};
/* End PBXNativeTarget section */

/* Begin PBXProject section */
		032C427029B1F637004DC7DC /* Project object */ = {
			isa = PBXProject;
			attributes = {
				BuildIndependentTargetsInParallel = 1;
				LastSwiftUpdateCheck = 1420;
				LastUpgradeCheck = 1420;
				TargetAttributes = {
					032C427729B1F637004DC7DC = {
						CreatedOnToolsVersion = 14.2;
					};
					032C428D29B1F638004DC7DC = {
						CreatedOnToolsVersion = 14.2;
						TestTargetID = 032C427729B1F637004DC7DC;
					};
					032C429729B1F638004DC7DC = {
						CreatedOnToolsVersion = 14.2;
						TestTargetID = 032C427729B1F637004DC7DC;
					};
				};
			};
			buildConfigurationList = 032C427329B1F637004DC7DC /* Build configuration list for PBXProject "lab3" */;
			compatibilityVersion = "Xcode 14.0";
			developmentRegion = en;
			hasScannedForEncodings = 0;
			knownRegions = (
				en,
				Base,
			);
			mainGroup = 032C426F29B1F637004DC7DC;
			productRefGroup = 032C427929B1F637004DC7DC /* Products */;
			projectDirPath = "";
			projectRoot = "";
			targets = (
				032C427729B1F637004DC7DC /* lab3 */,
				032C428D29B1F638004DC7DC /* lab3Tests */,
				032C429729B1F638004DC7DC /* lab3UITests */,
			);
		};
/* End PBXProject section */

/* Begin PBXResourcesBuildPhase section */
		032C427629B1F637004DC7DC /* Resources */ = {
			isa = PBXResourcesBuildPhase;
			buildActionMask = 2147483647;
			files = (
				032C428829B1F638004DC7DC /* LaunchScreen.storyboard in Resources */,
				032C428529B1F638004DC7DC /* Assets.xcassets in Resources */,
				032C428329B1F637004DC7DC /* Main.storyboard in Resources */,
			);
			runOnlyForDeploymentPostprocessing = 0;
		};
		032C428C29B1F638004DC7DC /* Resources */ = {
			isa = PBXResourcesBuildPhase;
			buildActionMask = 2147483647;
			files = (
			);
			runOnlyForDeploymentPostprocessing = 0;
		};
		032C429629B1F638004DC7DC /* Resources */ = {
			isa = PBXResourcesBuildPhase;
			buildActionMask = 2147483647;
			files = (
			);
			runOnlyForDeploymentPostprocessing = 0;
		};
/* End PBXResourcesBuildPhase section */

/* Begin PBXSourcesBuildPhase section */
		032C427429B1F637004DC7DC /* Sources */ = {
			isa = PBXSourcesBuildPhase;
			buildActionMask = 2147483647;
			files = (
				032C428029B1F637004DC7DC /* ViewController.swift in Sources */,
				032C427C29B1F637004DC7DC /* AppDelegate.swift in Sources */,
				032C427E29B1F637004DC7DC /* SceneDelegate.swift in Sources */,
			);
			runOnlyForDeploymentPostprocessing = 0;
		};
		032C428A29B1F638004DC7DC /* Sources */ = {
			isa = PBXSourcesBuildPhase;
			buildActionMask = 2147483647;
			files = (
				032C429329B1F638004DC7DC /* lab3Tests.swift in Sources */,
			);
			runOnlyForDeploymentPostprocessing = 0;
		};
		032C429429B1F638004DC7DC /* Sources */ = {
			isa = PBXSourcesBuildPhase;
			buildActionMask = 2147483647;
			files = (
				032C429F29B1F638004DC7DC /* lab3UITestsLaunchTests.swift in Sources */,
				032C429D29B1F638004DC7DC /* lab3UITests.swift in Sources */,
			);
			runOnlyForDeploymentPostprocessing = 0;
		};
/* End PBXSourcesBuildPhase section */

/* Begin PBXTargetDependency section */
		032C429029B1F638004DC7DC /* PBXTargetDependency */ = {
			isa = PBXTargetDependency;
			target = 032C427729B1F637004DC7DC /* lab3 */;
			targetProxy = 032C428F29B1F638004DC7DC /* PBXContainerItemProxy */;
		};
		032C429A29B1F638004DC7DC /* PBXTargetDependency */ = {
			isa = PBXTargetDependency;
			target = 032C427729B1F637004DC7DC /* lab3 */;
			targetProxy = 032C429929B1F638004DC7DC /* PBXContainerItemProxy */;
		};
/* End PBXTargetDependency section */

/* Begin PBXVariantGroup section */
		032C428129B1F637004DC7DC /* Main.storyboard */ = {
			isa = PBXVariantGroup;
			children = (
				032C428229B1F637004DC7DC /* Base */,
			);
			name = Main.storyboard;
			sourceTree = "<group>";
		};
		032C428629B1F638004DC7DC /* LaunchScreen.storyboard */ = {
			isa = PBXVariantGroup;
			children = (
				032C428729B1F638004DC7DC /* Base */,
			);
			name = LaunchScreen.storyboard;
			sourceTree = "<group>";
		};
/* End PBXVariantGroup section */

/* Begin XCBuildConfiguration section */
		032C42A029B1F638004DC7DC /* Debug */ = {
			isa = XCBuildConfiguration;
			buildSettings = {
				ALWAYS_SEARCH_USER_PATHS = NO;
				CLANG_ANALYZER_NONNULL = YES;
				CLANG_ANALYZER_NUMBER_OBJECT_CONVERSION = YES_AGGRESSIVE;
				CLANG_CXX_LANGUAGE_STANDARD = "gnu++20";
				CLANG_ENABLE_MODULES = YES;
				CLANG_ENABLE_OBJC_ARC = YES;
				CLANG_ENABLE_OBJC_WEAK = YES;
				CLANG_WARN_BLOCK_CAPTURE_AUTORELEASING = YES;
				CLANG_WARN_BOOL_CONVERSION = YES;
				CLANG_WARN_COMMA = YES;
				CLANG_WARN_CONSTANT_CONVERSION = YES;
				CLANG_WARN_DEPRECATED_OBJC_IMPLEMENTATIONS = YES;
				CLANG_WARN_DIRECT_OBJC_ISA_USAGE = YES_ERROR;
				CLANG_WARN_DOCUMENTATION_COMMENTS = YES;
				CLANG_WARN_EMPTY_BODY = YES;
				CLANG_WARN_ENUM_CONVERSION = YES;
				CLANG_WARN_INFINITE_RECURSION = YES;
				CLANG_WARN_INT_CONVERSION = YES;
				CLANG_WARN_NON_LITERAL_NULL_CONVERSION = YES;
				CLANG_WARN_OBJC_IMPLICIT_RETAIN_SELF = YES;
				CLANG_WARN_OBJC_LITERAL_CONVERSION = YES;
				CLANG_WARN_OBJC_ROOT_CLASS = YES_ERROR;
				CLANG_WARN_QUOTED_INCLUDE_IN_FRAMEWORK_HEADER = YES;
				CLANG_WARN_RANGE_LOOP_ANALYSIS = YES;
				CLANG_WARN_STRICT_PROTOTYPES = YES;
				CLANG_WARN_SUSPICIOUS_MOVE = YES;
				CLANG_WARN_UNGUARDED_AVAILABILITY = YES_AGGRESSIVE;
				CLANG_WARN_UNREACHABLE_CODE = YES;
				CLANG_WARN__DUPLICATE_METHOD_MATCH = YES;
				COPY_PHASE_STRIP = NO;
				DEBUG_INFORMATION_FORMAT = dwarf;
				ENABLE_STRICT_OBJC_MSGSEND = YES;
				ENABLE_TESTABILITY = YES;
				GCC_C_LANGUAGE_STANDARD = gnu11;
				GCC_DYNAMIC_NO_PIC = NO;
				GCC_NO_COMMON_BLOCKS = YES;
				GCC_OPTIMIZATION_LEVEL = 0;
				GCC_PREPROCESSOR_DEFINITIONS = (
					"DEBUG=1",
					"$(inherited)",
				);
				GCC_WARN_64_TO_32_BIT_CONVERSION = YES;
				GCC_WARN_ABOUT_RETURN_TYPE = YES_ERROR;
				GCC_WARN_UNDECLARED_SELECTOR = YES;
				GCC_WARN_UNINITIALIZED_AUTOS = YES_AGGRESSIVE;
				GCC_WARN_UNUSED_FUNCTION = YES;
				GCC_WARN_UNUSED_VARIABLE = YES;
				IPHONEOS_DEPLOYMENT_TARGET = 16.2;
				MTL_ENABLE_DEBUG_INFO = INCLUDE_SOURCE;
				MTL_FAST_MATH = YES;
				ONLY_ACTIVE_ARCH = YES;
				SDKROOT = iphoneos;
				SWIFT_ACTIVE_COMPILATION_CONDITIONS = DEBUG;
				SWIFT_OPTIMIZATION_LEVEL = "-Onone";
			};
			name = Debug;
		};
		032C42A129B1F638004DC7DC /* Release */ = {
			isa = XCBuildConfiguration;
			buildSettings = {
				ALWAYS_SEARCH_USER_PATHS = NO;
				CLANG_ANALYZER_NONNULL = YES;
				CLANG_ANALYZER_NUMBER_OBJECT_CONVERSION = YES_AGGRESSIVE;
				CLANG_CXX_LANGUAGE_STANDARD = "gnu++20";
				CLANG_ENABLE_MODULES = YES;
				CLANG_ENABLE_OBJC_ARC = YES;
				CLANG_ENABLE_OBJC_WEAK = YES;
				CLANG_WARN_BLOCK_CAPTURE_AUTORELEASING = YES;
				CLANG_WARN_BOOL_CONVERSION = YES;
				CLANG_WARN_COMMA = YES;
				CLANG_WARN_CONSTANT_CONVERSION = YES;
				CLANG_WARN_DEPRECATED_OBJC_IMPLEMENTATIONS = YES;
				CLANG_WARN_DIRECT_OBJC_ISA_USAGE = YES_ERROR;
				CLANG_WARN_DOCUMENTATION_COMMENTS = YES;
				CLANG_WARN_EMPTY_BODY = YES;
				CLANG_WARN_ENUM_CONVERSION = YES;
				CLANG_WARN_INFINITE_RECURSION = YES;
				CLANG_WARN_INT_CONVERSION = YES;
				CLANG_WARN_NON_LITERAL_NULL_CONVERSION = YES;
				CLANG_WARN_OBJC_IMPLICIT_RETAIN_SELF = YES;
				CLANG_WARN_OBJC_LITERAL_CONVERSION = YES;
				CLANG_WARN_OBJC_ROOT_CLASS = YES_ERROR;
				CLANG_WARN_QUOTED_INCLUDE_IN_FRAMEWORK_HEADER = YES;
				CLANG_WARN_RANGE_LOOP_ANALYSIS = YES;
				CLANG_WARN_STRICT_PROTOTYPES = YES;
				CLANG_WARN_SUSPICIOUS_MOVE = YES;
				CLANG_WARN_UNGUARDED_AVAILABILITY = YES_AGGRESSIVE;
				CLANG_WARN_UNREACHABLE_CODE = YES;
				CLANG_WARN__DUPLICATE_METHOD_MATCH = YES;
				COPY_PHASE_STRIP = NO;
				DEBUG_INFORMATION_FORMAT = "dwarf-with-dsym";
				ENABLE_NS_ASSERTIONS = NO;
				ENABLE_STRICT_OBJC_MSGSEND = YES;
				GCC_C_LANGUAGE_STANDARD = gnu11;
				GCC_NO_COMMON_BLOCKS = YES;
				GCC_WARN_64_TO_32_BIT_CONVERSION = YES;
				GCC_WARN_ABOUT_RETURN_TYPE = YES_ERROR;
				GCC_WARN_UNDECLARED_SELECTOR = YES;
				GCC_WARN_UNINITIALIZED_AUTOS = YES_AGGRESSIVE;
				GCC_WARN_UNUSED_FUNCTION = YES;
				GCC_WARN_UNUSED_VARIABLE = YES;
				IPHONEOS_DEPLOYMENT_TARGET = 16.2;
				MTL_ENABLE_DEBUG_INFO = NO;
				MTL_FAST_MATH = YES;
				SDKROOT = iphoneos;
				SWIFT_COMPILATION_MODE = wholemodule;
				SWIFT_OPTIMIZATION_LEVEL = "-O";
				VALIDATE_PRODUCT = YES;
			};
			name = Release;
		};
		032C42A329B1F638004DC7DC /* Debug */ = {
			isa = XCBuildConfiguration;
			buildSettings = {
				ASSETCATALOG_COMPILER_APPICON_NAME = AppIcon;
				ASSETCATALOG_COMPILER_GLOBAL_ACCENT_COLOR_NAME = AccentColor;
				CODE_SIGN_STYLE = Automatic;
				CURRENT_PROJECT_VERSION = 1;
				DEVELOPMENT_TEAM = 82XU5V5J3K;
				GENERATE_INFOPLIST_FILE = YES;
				INFOPLIST_FILE = lab3/Info.plist;
				INFOPLIST_KEY_UIApplicationSupportsIndirectInputEvents = YES;
				INFOPLIST_KEY_UILaunchStoryboardName = LaunchScreen;
				INFOPLIST_KEY_UIMainStoryboardFile = Main;
				INFOPLIST_KEY_UISupportedInterfaceOrientations_iPad = "UIInterfaceOrientationPortrait UIInterfaceOrientationPortraitUpsideDown UIInterfaceOrientationLandscapeLeft UIInterfaceOrientationLandscapeRight";
				INFOPLIST_KEY_UISupportedInterfaceOrientations_iPhone = "UIInterfaceOrientationPortrait UIInterfaceOrientationLandscapeLeft UIInterfaceOrientationLandscapeRight";
				LD_RUNPATH_SEARCH_PATHS = (
					"$(inherited)",
					"@executable_path/Frameworks",
				);
				MARKETING_VERSION = 1.0;
				PRODUCT_BUNDLE_IDENTIFIER = Lab.lab3;
				PRODUCT_NAME = "$(TARGET_NAME)";
				SWIFT_EMIT_LOC_STRINGS = YES;
				SWIFT_VERSION = 5.0;
				TARGETED_DEVICE_FAMILY = "1,2";
			};
			name = Debug;
		};
		032C42A429B1F638004DC7DC /* Release */ = {
			isa = XCBuildConfiguration;
			buildSettings = {
				ASSETCATALOG_COMPILER_APPICON_NAME = AppIcon;
				ASSETCATALOG_COMPILER_GLOBAL_ACCENT_COLOR_NAME = AccentColor;
				CODE_SIGN_STYLE = Automatic;
				CURRENT_PROJECT_VERSION = 1;
				DEVELOPMENT_TEAM = 82XU5V5J3K;
				GENERATE_INFOPLIST_FILE = YES;
				INFOPLIST_FILE = lab3/Info.plist;
				INFOPLIST_KEY_UIApplicationSupportsIndirectInputEvents = YES;
				INFOPLIST_KEY_UILaunchStoryboardName = LaunchScreen;
				INFOPLIST_KEY_UIMainStoryboardFile = Main;
				INFOPLIST_KEY_UISupportedInterfaceOrientations_iPad = "UIInterfaceOrientationPortrait UIInterfaceOrientationPortraitUpsideDown UIInterfaceOrientationLandscapeLeft UIInterfaceOrientationLandscapeRight";
				INFOPLIST_KEY_UISupportedInterfaceOrientations_iPhone = "UIInterfaceOrientationPortrait UIInterfaceOrientationLandscapeLeft UIInterfaceOrientationLandscapeRight";
				LD_RUNPATH_SEARCH_PATHS = (
					"$(inherited)",
					"@executable_path/Frameworks",
				);
				MARKETING_VERSION = 1.0;
				PRODUCT_BUNDLE_IDENTIFIER = Lab.lab3;
				PRODUCT_NAME = "$(TARGET_NAME)";
				SWIFT_EMIT_LOC_STRINGS = YES;
				SWIFT_VERSION = 5.0;
				TARGETED_DEVICE_FAMILY = "1,2";
			};
			name = Release;
		};
		032C42A629B1F638004DC7DC /* Debug */ = {
			isa = XCBuildConfiguration;
			buildSettings = {
				ALWAYS_EMBED_SWIFT_STANDARD_LIBRARIES = YES;
				BUNDLE_LOADER = "$(TEST_HOST)";
				CODE_SIGN_STYLE = Automatic;
				CURRENT_PROJECT_VERSION = 1;
				DEVELOPMENT_TEAM = 82XU5V5J3K;
				GENERATE_INFOPLIST_FILE = YES;
				IPHONEOS_DEPLOYMENT_TARGET = 16.2;
				MARKETING_VERSION = 1.0;
				PRODUCT_BUNDLE_IDENTIFIER = Lab.lab3Tests;
				PRODUCT_NAME = "$(TARGET_NAME)";
				SWIFT_EMIT_LOC_STRINGS = NO;
				SWIFT_VERSION = 5.0;
				TARGETED_DEVICE_FAMILY = "1,2";
				TEST_HOST = "$(BUILT_PRODUCTS_DIR)/lab3.app/$(BUNDLE_EXECUTABLE_FOLDER_PATH)/lab3";
			};
			name = Debug;
		};
		032C42A729B1F638004DC7DC /* Release */ = {
			isa = XCBuildConfiguration;
			buildSettings = {
				ALWAYS_EMBED_SWIFT_STANDARD_LIBRARIES = YES;
				BUNDLE_LOADER = "$(TEST_HOST)";
				CODE_SIGN_STYLE = Automatic;
				CURRENT_PROJECT_VERSION = 1;
				DEVELOPMENT_TEAM = 82XU5V5J3K;
				GENERATE_INFOPLIST_FILE = YES;
				IPHONEOS_DEPLOYMENT_TARGET = 16.2;
				MARKETING_VERSION = 1.0;
				PRODUCT_BUNDLE_IDENTIFIER = Lab.lab3Tests;
				PRODUCT_NAME = "$(TARGET_NAME)";
				SWIFT_EMIT_LOC_STRINGS = NO;
				SWIFT_VERSION = 5.0;
				TARGETED_DEVICE_FAMILY = "1,2";
				TEST_HOST = "$(BUILT_PRODUCTS_DIR)/lab3.app/$(BUNDLE_EXECUTABLE_FOLDER_PATH)/lab3";
			};
			name = Release;
		};
		032C42A929B1F638004DC7DC /* Debug */ = {
			isa = XCBuildConfiguration;
			buildSettings = {
				ALWAYS_EMBED_SWIFT_STANDARD_LIBRARIES = YES;
				CODE_SIGN_STYLE = Automatic;
				CURRENT_PROJECT_VERSION = 1;
				DEVELOPMENT_TEAM = 82XU5V5J3K;
				GENERATE_INFOPLIST_FILE = YES;
				MARKETING_VERSION = 1.0;
				PRODUCT_BUNDLE_IDENTIFIER = Lab.lab3UITests;
				PRODUCT_NAME = "$(TARGET_NAME)";
				SWIFT_EMIT_LOC_STRINGS = NO;
				SWIFT_VERSION = 5.0;
				TARGETED_DEVICE_FAMILY = "1,2";
				TEST_TARGET_NAME = lab3;
			};
			name = Debug;
		};
		032C42AA29B1F638004DC7DC /* Release */ = {
			isa = XCBuildConfiguration;
			buildSettings = {
				ALWAYS_EMBED_SWIFT_STANDARD_LIBRARIES = YES;
				CODE_SIGN_STYLE = Automatic;
				CURRENT_PROJECT_VERSION = 1;
				DEVELOPMENT_TEAM = 82XU5V5J3K;
				GENERATE_INFOPLIST_FILE = YES;
				MARKETING_VERSION = 1.0;
				PRODUCT_BUNDLE_IDENTIFIER = Lab.lab3UITests;
				PRODUCT_NAME = "$(TARGET_NAME)";
				SWIFT_EMIT_LOC_STRINGS = NO;
				SWIFT_VERSION = 5.0;
				TARGETED_DEVICE_FAMILY = "1,2";
				TEST_TARGET_NAME = lab3;
			};
			name = Release;
		};
/* End XCBuildConfiguration section */

/* Begin XCConfigurationList section */
		032C427329B1F637004DC7DC /* Build configuration list for PBXProject "lab3" */ = {
			isa = XCConfigurationList;
			buildConfigurations = (
				032C42A029B1F638004DC7DC /* Debug */,
				032C42A129B1F638004DC7DC /* Release */,
			);
			defaultConfigurationIsVisible = 0;
			defaultConfigurationName = Release;
		};
		032C42A229B1F638004DC7DC /* Build configuration list for PBXNativeTarget "lab3" */ = {
			isa = XCConfigurationList;
			buildConfigurations = (
				032C42A329B1F638004DC7DC /* Debug */,
				032C42A429B1F638004DC7DC /* Release */,
			);
			defaultConfigurationIsVisible = 0;
			defaultConfigurationName = Release;
		};
		032C42A529B1F638004DC7DC /* Build configuration list for PBXNativeTarget "lab3Tests" */ = {
			isa = XCConfigurationList;
			buildConfigurations = (
				032C42A629B1F638004DC7DC /* Debug */,
				032C42A729B1F638004DC7DC /* Release */,
			);
			defaultConfigurationIsVisible = 0;
			defaultConfigurationName = Release;
		};
		032C42A829B1F638004DC7DC /* Build configuration list for PBXNativeTarget "lab3UITests" */ = {
			isa = XCConfigurationList;
			buildConfigurations = (
				032C42A929B1F638004DC7DC /* Debug */,
				032C42AA29B1F638004DC7DC /* Release */,
			);
			defaultConfigurationIsVisible = 0;
			defaultConfigurationName = Release;
		};
/* End XCConfigurationList section */
	};
	rootObject = 032C427029B1F637004DC7DC /* Project object */;
}
